
Microsoft Visual Studio Solution File, Format Version 12.00
# Visual Studio Version 16
VisualStudioVersion = 16.0.29911.84
MinimumVisualStudioVersion = 10.0.40219.1
Project("{FAE04EC0-301F-11D3-BF4B-00C04F79EFBC}") = "Dijkstra", "Dijkstra\Dijkstra.csproj", "{ED062074-938D-45BD-B929-26D595436C0C}"
EndProject
Global
	GlobalSection(SolutionConfigurationPlatforms) = preSolution
		Debug|Any CPU = Debug|Any CPU
		Release|Any CPU = Release|Any CPU
	EndGlobalSection
	GlobalSection(ProjectConfigurationPlatforms) = postSolution
		{ED062074-938D-45BD-B929-26D595436C0C}.Debug|Any CPU.ActiveCfg = Debug|Any CPU
		{ED062074-938D-45BD-B929-26D595436C0C}.Debug|Any CPU.Build.0 = Debug|Any CPU
		{ED062074-938D-45BD-B929-26D595436C0C}.Release|Any CPU.ActiveCfg = Release|Any CPU
		{ED062074-938D-45BD-B929-26D595436C0C}.Release|Any CPU.Build.0 = Release|Any CPU
	EndGlobalSection
	GlobalSection(SolutionProperties) = preSolution
		HideSolutionNode = FALSE
	EndGlobalSection
	GlobalSection(ExtensibilityGlobals) = postSolution
		SolutionGuid = {A25B0C11-6B34-4936-ABC9-DB811AA6692A}
	EndGlobalSection
EndGlobal
